5d7b942d074c764f10da068903f7a8667838d68c6e7a737ad0d0061cada0d182  https://repo1.maven.org/maven2/org/scalameta/scalameta_2.13/4.17.3/scalameta_2.13-4.17.3.jar
8e4dbc3becf70d59c787118f6ad06fab6790136a0699cd6412bc9da3d336944e  https://repo1.maven.org/maven2/org/scala-lang/scala-library/2.13.15/scala-library-2.13.15.jar
21931f60d741a95f6fc364f5514672b587b24a2316df0a80fc67059a9989828d  https://repo1.maven.org/maven2/org/scalameta/parsers_2.13/4.17.3/parsers_2.13-4.17.3.jar
38047a5a7b0f66faad77e18177a6152413de848b23353b615b1cecab2c0212f3  https://repo1.maven.org/maven2/org/scalameta/trees_2.13/4.17.3/trees_2.13-4.17.3.jar
e15f1eca7e1d855daf0fd62874b944272b84d2bbee96f3adfaef0cdd34ec91e4  https://repo1.maven.org/maven2/org/scalameta/common_2.13/4.17.3/common_2.13-4.17.3.jar
c9aa7493cf90a1acafcc96dad84670409aeb3b5e280a38ce40332eb6a21cf49f  https://repo1.maven.org/maven2/org/scalameta/io_2.13/4.17.3/io_2.13-4.17.3.jar
3f3729adf6faa48802f8b7c77ac67a6077cb99073596dc3eaf48d6ca9371fe55  https://repo1.maven.org/maven2/org/scalameta/trees2_2.13/4.17.3/trees2_2.13-4.17.3.jar
d16050f3557e472ac3489501edd4d941d975bc0a6f72a54363b6598e29a972d0  https://repo1.maven.org/maven2/org/scalameta/common2_2.13/4.17.3/common2_2.13-4.17.3.jar
bd4e99aef8267a410b6ed716c487cf5256f801425f158a8c9cbd056eb032d80d  https://repo1.maven.org/maven2/com/lihaoyi/sourcecode_2.13/0.4.4/sourcecode_2.13-0.4.4.jar
